%{"erlport": {:hex, :erlport, "0.9.8", "b7dc57eb87f215a671926bfbcd23e6e9c76f8653b0d072627b41431ef51c4d20", [], [], "hexpm"},
  "piton": {:hex, :piton, "0.2.1", "575b844646030d24d1d3749c0bea393c737d006266b4a176a0a95213487d88f5", [], [{:erlport, "~> 0.9.8", [hex: :erlport, repo: "hexpm", optional: false]}], "hexpm"},
  "poison": {:hex, :poison, "3.1.0", "d9eb636610e096f86f25d9a46f35a9facac35609a7591b3be3326e99a0484665", [], [], "hexpm"}}
